
Microsoft Visual Studio Solution File, Format Version 12.00
# Visual Studio Version 17
VisualStudioVersion = 17.3.32804.467
MinimumVisualStudioVersion = 10.0.40219.1
Project("{9A19103F-16F7-4668-BE54-9A1E7A4F7556}") = "EmpregaMais-API", "EmpregaMais-API\EmpregaMais-API.csproj", "{68BDD0AD-9631-4A7A-AEDA-86A38610C4CD}"
EndProject
Project("{9A19103F-16F7-4668-BE54-9A1E7A4F7556}") = "Domain", "Domain\Domain.csproj", "{967FDC10-75C9-42ED-B75E-F654BA31FFC4}"
EndProject
Project("{9A19103F-16F7-4668-BE54-9A1E7A4F7556}") = "Infrastructure", "Infrastructure\Infrastructure.csproj", "{1632DEDA-7E17-4D9E-B827-FB953D735018}"
EndProject
Project("{9A19103F-16F7-4668-BE54-9A1E7A4F7556}") = "Application", "Application\Application.csproj", "{377B824E-A259-4AA7-A540-B1876FC7100F}"
EndProject
Project("{2150E333-8FDC-42A3-9474-1A3956D46DE8}") = "docs", "docs", "{8BC0E7F7-485A-4AFB-8E70-FBEC8D8FF322}"
EndProject
Project("{2150E333-8FDC-42A3-9474-1A3956D46DE8}") = "scripts", "scripts", "{8F3265DA-3C30-4278-8247-2DEC279BDC7B}"
	ProjectSection(SolutionItems) = preProject
		CriarBaseDados.sql = CriarBaseDados.sql
	EndProjectSection
EndProject
Global
	GlobalSection(SolutionConfigurationPlatforms) = preSolution
		Debug|Any CPU = Debug|Any CPU
		Release|Any CPU = Release|Any CPU
	EndGlobalSection
	GlobalSection(ProjectConfigurationPlatforms) = postSolution
		{68BDD0AD-9631-4A7A-AEDA-86A38610C4CD}.Debug|Any CPU.ActiveCfg = Debug|Any CPU
		{68BDD0AD-9631-4A7A-AEDA-86A38610C4CD}.Debug|Any CPU.Build.0 = Debug|Any CPU
		{68BDD0AD-9631-4A7A-AEDA-86A38610C4CD}.Release|Any CPU.ActiveCfg = Release|Any CPU
		{68BDD0AD-9631-4A7A-AEDA-86A38610C4CD}.Release|Any CPU.Build.0 = Release|Any CPU
		{967FDC10-75C9-42ED-B75E-F654BA31FFC4}.Debug|Any CPU.ActiveCfg = Debug|Any CPU
		{967FDC10-75C9-42ED-B75E-F654BA31FFC4}.Debug|Any CPU.Build.0 = Debug|Any CPU
		{967FDC10-75C9-42ED-B75E-F654BA31FFC4}.Release|Any CPU.ActiveCfg = Release|Any CPU
		{967FDC10-75C9-42ED-B75E-F654BA31FFC4}.Release|Any CPU.Build.0 = Release|Any CPU
		{1632DEDA-7E17-4D9E-B827-FB953D735018}.Debug|Any CPU.ActiveCfg = Debug|Any CPU
		{1632DEDA-7E17-4D9E-B827-FB953D735018}.Debug|Any CPU.Build.0 = Debug|Any CPU
		{1632DEDA-7E17-4D9E-B827-FB953D735018}.Release|Any CPU.ActiveCfg = Release|Any CPU
		{1632DEDA-7E17-4D9E-B827-FB953D735018}.Release|Any CPU.Build.0 = Release|Any CPU
		{377B824E-A259-4AA7-A540-B1876FC7100F}.Debug|Any CPU.ActiveCfg = Debug|Any CPU
		{377B824E-A259-4AA7-A540-B1876FC7100F}.Debug|Any CPU.Build.0 = Debug|Any CPU
		{377B824E-A259-4AA7-A540-B1876FC7100F}.Release|Any CPU.ActiveCfg = Release|Any CPU
		{377B824E-A259-4AA7-A540-B1876FC7100F}.Release|Any CPU.Build.0 = Release|Any CPU
	EndGlobalSection
	GlobalSection(SolutionProperties) = preSolution
		HideSolutionNode = FALSE
	EndGlobalSection
	GlobalSection(NestedProjects) = preSolution
		{8F3265DA-3C30-4278-8247-2DEC279BDC7B} = {8BC0E7F7-485A-4AFB-8E70-FBEC8D8FF322}
	EndGlobalSection
	GlobalSection(ExtensibilityGlobals) = postSolution
		SolutionGuid = {4EA533D8-42C6-4EF2-BBB1-69208A0FE3B9}
	EndGlobalSection
EndGlobal
